
Microsoft Visual Studio Solution File, Format Version 12.00
# Visual Studio 15
VisualStudioVersion = 15.0.28307.539
MinimumVisualStudioVersion = 10.0.40219.1
Project("{FAE04EC0-301F-11D3-BF4B-00C04F79EFBC}") = "15.07.2019", "15.07.2019\15.07.2019.csproj", "{3B39D087-8CA6-4520-9868-3C590884299D}"
EndProject
Global
	GlobalSection(SolutionConfigurationPlatforms) = preSolution
		Debug|Any CPU = Debug|Any CPU
		Release|Any CPU = Release|Any CPU
	EndGlobalSection
	GlobalSection(ProjectConfigurationPlatforms) = postSolution
		{3B39D087-8CA6-4520-9868-3C590884299D}.Debug|Any CPU.ActiveCfg = Debug|Any CPU
		{3B39D087-8CA6-4520-9868-3C590884299D}.Debug|Any CPU.Build.0 = Debug|Any CPU
		{3B39D087-8CA6-4520-9868-3C590884299D}.Release|Any CPU.ActiveCfg = Release|Any CPU
		{3B39D087-8CA6-4520-9868-3C590884299D}.Release|Any CPU.Build.0 = Release|Any CPU
	EndGlobalSection
	GlobalSection(SolutionProperties) = preSolution
		HideSolutionNode = FALSE
	EndGlobalSection
	GlobalSection(ExtensibilityGlobals) = postSolution
		SolutionGuid = {FADAFD8C-A1BB-4427-9B02-37FA56B4033F}
	EndGlobalSection
EndGlobal
