
Microsoft Visual Studio Solution File, Format Version 12.00
# Visual Studio 15
VisualStudioVersion = 15.0.28307.539
MinimumVisualStudioVersion = 10.0.40219.1
Project("{FAE04EC0-301F-11D3-BF4B-00C04F79EFBC}") = "08.07.2019", "08.07.2019\08.07.2019.csproj", "{A1EC0307-426D-449A-B1DD-C2C130F5F3E7}"
EndProject
Global
	GlobalSection(SolutionConfigurationPlatforms) = preSolution
		Debug|Any CPU = Debug|Any CPU
		Release|Any CPU = Release|Any CPU
	EndGlobalSection
	GlobalSection(ProjectConfigurationPlatforms) = postSolution
		{A1EC0307-426D-449A-B1DD-C2C130F5F3E7}.Debug|Any CPU.ActiveCfg = Debug|Any CPU
		{A1EC0307-426D-449A-B1DD-C2C130F5F3E7}.Debug|Any CPU.Build.0 = Debug|Any CPU
		{A1EC0307-426D-449A-B1DD-C2C130F5F3E7}.Release|Any CPU.ActiveCfg = Release|Any CPU
		{A1EC0307-426D-449A-B1DD-C2C130F5F3E7}.Release|Any CPU.Build.0 = Release|Any CPU
	EndGlobalSection
	GlobalSection(SolutionProperties) = preSolution
		HideSolutionNode = FALSE
	EndGlobalSection
	GlobalSection(ExtensibilityGlobals) = postSolution
		SolutionGuid = {501B254A-822C-48BD-8DBB-73F809B7678B}
	EndGlobalSection
EndGlobal
